
Microsoft Visual Studio Solution File, Format Version 12.00
# Visual Studio Version 16
VisualStudioVersion = 16.0.30503.244
MinimumVisualStudioVersion = 10.0.40219.1
Project("{FAE04EC0-301F-11D3-BF4B-00C04F79EFBC}") = "LAB2", "LAB2\LAB2.csproj", "{C3B4F433-A236-4633-9E04-840CBBAAAAB5}"
EndProject
Global
	GlobalSection(SolutionConfigurationPlatforms) = preSolution
		Debug|Any CPU = Debug|Any CPU
		Release|Any CPU = Release|Any CPU
	EndGlobalSection
	GlobalSection(ProjectConfigurationPlatforms) = postSolution
		{C3B4F433-A236-4633-9E04-840CBBAAAAB5}.Debug|Any CPU.ActiveCfg = Debug|Any CPU
		{C3B4F433-A236-4633-9E04-840CBBAAAAB5}.Debug|Any CPU.Build.0 = Debug|Any CPU
		{C3B4F433-A236-4633-9E04-840CBBAAAAB5}.Release|Any CPU.ActiveCfg = Release|Any CPU
		{C3B4F433-A236-4633-9E04-840CBBAAAAB5}.Release|Any CPU.Build.0 = Release|Any CPU
	EndGlobalSection
	GlobalSection(SolutionProperties) = preSolution
		HideSolutionNode = FALSE
	EndGlobalSection
	GlobalSection(ExtensibilityGlobals) = postSolution
		SolutionGuid = {1F93E8AF-990C-4F9A-8911-90FC2C1F65BF}
	EndGlobalSection
EndGlobal
