
Microsoft Visual Studio Solution File, Format Version 12.00
# Visual Studio Version 16
VisualStudioVersion = 16.0.30523.141
MinimumVisualStudioVersion = 10.0.40219.1
Project("{FAE04EC0-301F-11D3-BF4B-00C04F79EFBC}") = "LAB3", "LAB3\LAB3.csproj", "{F5245648-15EB-454A-A1C0-64E4C8DA5616}"
EndProject
Global
	GlobalSection(SolutionConfigurationPlatforms) = preSolution
		Debug|Any CPU = Debug|Any CPU
		Release|Any CPU = Release|Any CPU
	EndGlobalSection
	GlobalSection(ProjectConfigurationPlatforms) = postSolution
		{F5245648-15EB-454A-A1C0-64E4C8DA5616}.Debug|Any CPU.ActiveCfg = Debug|Any CPU
		{F5245648-15EB-454A-A1C0-64E4C8DA5616}.Debug|Any CPU.Build.0 = Debug|Any CPU
		{F5245648-15EB-454A-A1C0-64E4C8DA5616}.Release|Any CPU.ActiveCfg = Release|Any CPU
		{F5245648-15EB-454A-A1C0-64E4C8DA5616}.Release|Any CPU.Build.0 = Release|Any CPU
	EndGlobalSection
	GlobalSection(SolutionProperties) = preSolution
		HideSolutionNode = FALSE
	EndGlobalSection
	GlobalSection(ExtensibilityGlobals) = postSolution
		SolutionGuid = {A8FD7EA8-C079-4FA7-89F0-3F39E4C1B613}
	EndGlobalSection
EndGlobal
